
Microsoft Visual Studio Solution File, Format Version 12.00
# Visual Studio Version 16
VisualStudioVersion = 16.0.30114.105
MinimumVisualStudioVersion = 10.0.40219.1
Project("{FAE04EC0-301F-11D3-BF4B-00C04F79EFBC}") = "Memorama", "Memorama.csproj", "{7900E8BA-4027-4B37-A4A6-1CB17C219DDC}"
EndProject
Global
	GlobalSection(SolutionConfigurationPlatforms) = preSolution
		Debug|Any CPU = Debug|Any CPU
		Release|Any CPU = Release|Any CPU
	EndGlobalSection
	GlobalSection(ProjectConfigurationPlatforms) = postSolution
		{7900E8BA-4027-4B37-A4A6-1CB17C219DDC}.Debug|Any CPU.ActiveCfg = Debug|Any CPU
		{7900E8BA-4027-4B37-A4A6-1CB17C219DDC}.Debug|Any CPU.Build.0 = Debug|Any CPU
		{7900E8BA-4027-4B37-A4A6-1CB17C219DDC}.Release|Any CPU.ActiveCfg = Release|Any CPU
		{7900E8BA-4027-4B37-A4A6-1CB17C219DDC}.Release|Any CPU.Build.0 = Release|Any CPU
	EndGlobalSection
	GlobalSection(SolutionProperties) = preSolution
		HideSolutionNode = FALSE
	EndGlobalSection
	GlobalSection(ExtensibilityGlobals) = postSolution
		SolutionGuid = {371238F5-CEA7-43DE-9210-47F0F26643A5}
	EndGlobalSection
EndGlobal
